
Microsoft Visual Studio Solution File, Format Version 12.00
# Visual Studio Version 17
VisualStudioVersion = 17.9.34728.123
MinimumVisualStudioVersion = 10.0.40219.1
Project("{FAE04EC0-301F-11D3-BF4B-00C04F79EFBC}") = "VerificationProvider", "VerificationProvider\VerificationProvider.csproj", "{C64CAE15-BF5B-4CF2-833E-973C28E3C319}"
EndProject
Global
	GlobalSection(SolutionConfigurationPlatforms) = preSolution
		Debug|Any CPU = Debug|Any CPU
		Release|Any CPU = Release|Any CPU
	EndGlobalSection
	GlobalSection(ProjectConfigurationPlatforms) = postSolution
		{C64CAE15-BF5B-4CF2-833E-973C28E3C319}.Debug|Any CPU.ActiveCfg = Debug|Any CPU
		{C64CAE15-BF5B-4CF2-833E-973C28E3C319}.Debug|Any CPU.Build.0 = Debug|Any CPU
		{C64CAE15-BF5B-4CF2-833E-973C28E3C319}.Release|Any CPU.ActiveCfg = Release|Any CPU
		{C64CAE15-BF5B-4CF2-833E-973C28E3C319}.Release|Any CPU.Build.0 = Release|Any CPU
	EndGlobalSection
	GlobalSection(SolutionProperties) = preSolution
		HideSolutionNode = FALSE
	EndGlobalSection
	GlobalSection(ExtensibilityGlobals) = postSolution
		SolutionGuid = {DDBA4361-CE1D-4CEE-BAAB-C586D7856624}
	EndGlobalSection
EndGlobal
